
Microsoft Visual Studio Solution File, Format Version 12.00
# Visual Studio 14
VisualStudioVersion = 14.0.24720.0
MinimumVisualStudioVersion = 10.0.40219.1
Project("{FAE04EC0-301F-11D3-BF4B-00C04F79EFBC}") = "NeoMapleStory", "NeoMapleStory\NeoMapleStory.csproj", "{116BB6CB-1DE5-49E0-B0F5-8C8BE774932F}"
EndProject
Global
	GlobalSection(SolutionConfigurationPlatforms) = preSolution
		Debug|Any CPU = Debug|Any CPU
		Release|Any CPU = Release|Any CPU
	EndGlobalSection
	GlobalSection(ProjectConfigurationPlatforms) = postSolution
		{116BB6CB-1DE5-49E0-B0F5-8C8BE774932F}.Debug|Any CPU.ActiveCfg = Debug|Any CPU
		{116BB6CB-1DE5-49E0-B0F5-8C8BE774932F}.Debug|Any CPU.Build.0 = Debug|Any CPU
		{116BB6CB-1DE5-49E0-B0F5-8C8BE774932F}.Release|Any CPU.ActiveCfg = Release|Any CPU
		{116BB6CB-1DE5-49E0-B0F5-8C8BE774932F}.Release|Any CPU.Build.0 = Release|Any CPU
	EndGlobalSection
	GlobalSection(SolutionProperties) = preSolution
		HideSolutionNode = FALSE
	EndGlobalSection
EndGlobal
